{
  "name": "tunelito",
  "version": "0.9.0",
  "lockfileVersion": 3,
  "requires": true,
  "packages": {
    "": {
      "name": "tunelito",
      "version": "0.9.0",
      "license": "MIT",
      "bin": {
        "tunelito": "bin/tunelito.js"
      },
      "engines": {
        "node": ">=22"
      }
    }
  }
}
